{
  "name": "supportbank",
  "version": "1.0.0",
  "lockfileVersion": 3,
  "requires": true,
  "packages": {
    "": {
      "name": "supportbank",
      "version": "1.0.0",
      "license": "ISC",
      "dependencies": {
        "csv": "^6.3.1",
        "readline": "^1.3.0",
        "readline-sync": "^1.4.10"
      },
      "devDependencies": {
        "@types/node": "^20.3.2",
        "@types/readline-sync": "^1.4.4",
        "typescript": "^5.1.5"
      }
    },
    "node_modules/@types/node": {
      "version": "20.3.2",
      "resolved": "https://registry.npmjs.org/@types/node/-/node-20.3.2.tgz",
      "integrity": "sha512-vOBLVQeCQfIcF/2Y7eKFTqrMnizK5lRNQ7ykML/5RuwVXVWxYkgwS7xbt4B6fKCUPgbSL5FSsjHQpaGQP/dQmw==",
      "dev": true
    },
    "node_modules/@types/readline-sync": {
      "version": "1.4.4",
      "resolved": "https://registry.npmjs.org/@types/readline-sync/-/readline-sync-1.4.4.tgz",
      "integrity": "sha512-cFjVIoiamX7U6zkO2VPvXyTxbFDdiRo902IarJuPVxBhpDnXhwSaVE86ip+SCuyWBbEioKCkT4C88RNTxBM1Dw==",
      "dev": true
    },
    "node_modules/csv": {
      "version": "6.3.1",
      "resolved": "https://registry.npmjs.org/csv/-/csv-6.3.1.tgz",
      "integrity": "sha512-ZTcWLvr0Ux0IQDz/QzhCToBVIZtF5GDrStMt9I8mRSk0jPnfF9OeYKz0EZTspaAEOK6hf515ag97nKmwoyU8ZA==",
      "dependencies": {
        "csv-generate": "^4.2.6",
        "csv-parse": "^5.4.0",
        "csv-stringify": "^6.4.0",
        "stream-transform": "^3.2.6"
      },
      "engines": {
        "node": ">= 0.1.90"
      }
    },
    "node_modules/csv-generate": {
      "version": "4.2.6",
      "resolved": "https://registry.npmjs.org/csv-generate/-/csv-generate-4.2.6.tgz",
      "integrity": "sha512-VtnYqhWLcsUocA346ewFOk+rrqcoT663j11vXzD2uelXq9WguQ3QzDeVD8ISso7hhVtkDSHcWl9psdemeiEHDA=="
    },
    "node_modules/csv-parse": {
      "version": "5.4.0",
      "resolved": "https://registry.npmjs.org/csv-parse/-/csv-parse-5.4.0.tgz",
      "integrity": "sha512-JiQosUWiOFgp4hQn0an+SBoV9IKdqzhROM0iiN4LB7UpfJBlsSJlWl9nq4zGgxgMAzHJ6V4t29VAVD+3+2NJAg=="
    },
    "node_modules/csv-stringify": {
      "version": "6.4.0",
      "resolved": "https://registry.npmjs.org/csv-stringify/-/csv-stringify-6.4.0.tgz",
      "integrity": "sha512-HQsw0QXiN5fdlO+R8/JzCZnR3Fqp8E87YVnhHlaPtNGJjt6ffbV0LpOkieIb1x6V1+xt878IYq77SpXHWAqKkA=="
    },
    "node_modules/readline": {
      "version": "1.3.0",
      "resolved": "https://registry.npmjs.org/readline/-/readline-1.3.0.tgz",
      "integrity": "sha512-k2d6ACCkiNYz222Fs/iNze30rRJ1iIicW7JuX/7/cozvih6YCkFZH+J6mAFDVgv0dRBaAyr4jDqC95R2y4IADg=="
    },
    "node_modules/readline-sync": {
      "version": "1.4.10",
      "resolved": "https://registry.npmjs.org/readline-sync/-/readline-sync-1.4.10.tgz",
      "integrity": "sha512-gNva8/6UAe8QYepIQH/jQ2qn91Qj0B9sYjMBBs3QOB8F2CXcKgLxQaJRP76sWVRQt+QU+8fAkCbCvjjMFu7Ycw==",
      "engines": {
        "node": ">= 0.8.0"
      }
    },
    "node_modules/stream-transform": {
      "version": "3.2.6",
      "resolved": "https://registry.npmjs.org/stream-transform/-/stream-transform-3.2.6.tgz",
      "integrity": "sha512-/pyOvaCQFqYTmrFhmMbnAEVo3SsTx1H39eUVPOtYeAgbEUc+rDo7GoP8LbHJgU83mKtzJe/7Nq/ipaAnUOHgJQ=="
    },
    "node_modules/typescript": {
      "version": "5.1.5",
      "resolved": "https://registry.npmjs.org/typescript/-/typescript-5.1.5.tgz",
      "integrity": "sha512-FOH+WN/DQjUvN6WgW+c4Ml3yi0PH+a/8q+kNIfRehv1wLhWONedw85iu+vQ39Wp49IzTJEsZ2lyLXpBF7mkF1g==",
      "dev": true,
      "bin": {
        "tsc": "bin/tsc",
        "tsserver": "bin/tsserver"
      },
      "engines": {
        "node": ">=14.17"
      }
    }
  }
}
